// !$*UTF8*$!
{
	archiveVersion = 1;
	classes = {
	};
	objectVersion = 46;
	objects = {

/* Begin PBXBuildFile section */
		065799FB14A22FE400474588 /* Card.m in Sources */ = {isa = PBXBuildFile; fileRef = 065799FA14A22FE400474588 /* Card.m */; };
		065799FF14A2395D00474588 /* page-flip-2.wav in Resources */ = {isa = PBXBuildFile; fileRef = 065799FE14A2395D00474588 /* page-flip-2.wav */; };
		06579A0314A23B4C00474588 /* AudioToolbox.framework in Frameworks */ = {isa = PBXBuildFile; fileRef = 06579A0214A23B4C00474588 /* AudioToolbox.framework */; };
		06579A0A14A2472400474588 /* match.wav in Resources */ = {isa = PBXBuildFile; fileRef = 06579A0914A2472400474588 /* match.wav */; };
		06579A0E14A249B000474588 /* SoundUtil.m in Sources */ = {isa = PBXBuildFile; fileRef = 06579A0D14A249B000474588 /* SoundUtil.m */; };
		06579A1914A25E5E00474588 /* ConcentrationViewController.xib in Resources */ = {isa = PBXBuildFile; fileRef = 06579A1814A25E5E00474588 /* ConcentrationViewController.xib */; };
		06579A1E14A26F9E00474588 /* ScoreBoard.m in Sources */ = {isa = PBXBuildFile; fileRef = 06579A1D14A26F9E00474588 /* ScoreBoard.m */; };
		750264E314A4DA2400204A2C /* win-sound.wav in Resources */ = {isa = PBXBuildFile; fileRef = 750264E214A4DA2400204A2C /* win-sound.wav */; };
		750264EC14A4F7DD00204A2C /* ScoreOverlayViewController.xib in Resources */ = {isa = PBXBuildFile; fileRef = 750264EA14A4F7DD00204A2C /* ScoreOverlayViewController.xib */; };
		750264F014A4F8D200204A2C /* Score.m in Sources */ = {isa = PBXBuildFile; fileRef = 750264EF14A4F8D200204A2C /* Score.m */; };
		750264F614A4FBDF00204A2C /* ScoreOverlayViewController.m in Sources */ = {isa = PBXBuildFile; fileRef = 750264F514A4FBDF00204A2C /* ScoreOverlayViewController.m */; };
		754E559514A15F82003E8E6F /* UIKit.framework in Frameworks */ = {isa = PBXBuildFile; fileRef = 754E559414A15F82003E8E6F /* UIKit.framework */; };
		754E559714A15F82003E8E6F /* Foundation.framework in Frameworks */ = {isa = PBXBuildFile; fileRef = 754E559614A15F82003E8E6F /* Foundation.framework */; };
		754E559914A15F82003E8E6F /* CoreGraphics.framework in Frameworks */ = {isa = PBXBuildFile; fileRef = 754E559814A15F82003E8E6F /* CoreGraphics.framework */; };
		754E559F14A15F82003E8E6F /* InfoPlist.strings in Resources */ = {isa = PBXBuildFile; fileRef = 754E559D14A15F82003E8E6F /* InfoPlist.strings */; };
		754E55A114A15F82003E8E6F /* main.m in Sources */ = {isa = PBXBuildFile; fileRef = 754E55A014A15F82003E8E6F /* main.m */; };
		754E55A514A15F82003E8E6F /* SNMAppDelegate.m in Sources */ = {isa = PBXBuildFile; fileRef = 754E55A414A15F82003E8E6F /* SNMAppDelegate.m */; };
		754E55A814A15F82003E8E6F /* ConcentrationViewController.m in Sources */ = {isa = PBXBuildFile; fileRef = 754E55A714A15F82003E8E6F /* ConcentrationViewController.m */; };
		754E55B314A15F82003E8E6F /* SenTestingKit.framework in Frameworks */ = {isa = PBXBuildFile; fileRef = 754E55B214A15F82003E8E6F /* SenTestingKit.framework */; };
		754E55B414A15F82003E8E6F /* UIKit.framework in Frameworks */ = {isa = PBXBuildFile; fileRef = 754E559414A15F82003E8E6F /* UIKit.framework */; };
		754E55B514A15F82003E8E6F /* Foundation.framework in Frameworks */ = {isa = PBXBuildFile; fileRef = 754E559614A15F82003E8E6F /* Foundation.framework */; };
		754E55BD14A15F82003E8E6F /* InfoPlist.strings in Resources */ = {isa = PBXBuildFile; fileRef = 754E55BB14A15F82003E8E6F /* InfoPlist.strings */; };
		754E55C014A15F83003E8E6F /* concentrationTests.m in Sources */ = {isa = PBXBuildFile; fileRef = 754E55BF14A15F83003E8E6F /* concentrationTests.m */; };
		754E55CC14A16106003E8E6F /* Board.m in Sources */ = {isa = PBXBuildFile; fileRef = 754E55CB14A16106003E8E6F /* Board.m */; };
		754E55CE14A16319003E8E6F /* QuartzCore.framework in Frameworks */ = {isa = PBXBuildFile; fileRef = 754E55CD14A16319003E8E6F /* QuartzCore.framework */; };
		754E55D614A16888003E8E6F /* NSMutableArray+Shuffling.m in Sources */ = {isa = PBXBuildFile; fileRef = 754E55D514A16888003E8E6F /* NSMutableArray+Shuffling.m */; };
/* End PBXBuildFile section */

/* Begin PBXContainerItemProxy section */
		754E55B614A15F82003E8E6F /* PBXContainerItemProxy */ = {
			isa = PBXContainerItemProxy;
			containerPortal = 754E558714A15F82003E8E6F /* Project object */;
			proxyType = 1;
			remoteGlobalIDString = 754E558F14A15F82003E8E6F;
			remoteInfo = concentration;
		};
/* End PBXContainerItemProxy section */

/* Begin PBXFileReference section */
		065799F914A22FE400474588 /* Card.h */ = {isa = PBXFileReference; fileEncoding = 4; lastKnownFileType = sourcecode.c.h; path = Card.h; sourceTree = "<group>"; };
		065799FA14A22FE400474588 /* Card.m */ = {isa = PBXFileReference; fileEncoding = 4; lastKnownFileType = sourcecode.c.objc; path = Card.m; sourceTree = "<group>"; };
		065799FE14A2395D00474588 /* page-flip-2.wav */ = {isa = PBXFileReference; lastKnownFileType = audio.wav; path = "page-flip-2.wav"; sourceTree = "<group>"; };
		06579A0214A23B4C00474588 /* AudioToolbox.framework */ = {isa = PBXFileReference; lastKnownFileType = wrapper.framework; name = AudioToolbox.framework; path = System/Library/Frameworks/AudioToolbox.framework; sourceTree = SDKROOT; };
		06579A0914A2472400474588 /* match.wav */ = {isa = PBXFileReference; lastKnownFileType = audio.wav; path = match.wav; sourceTree = "<group>"; };
		06579A0C14A249B000474588 /* SoundUtil.h */ = {isa = PBXFileReference; fileEncoding = 4; lastKnownFileType = sourcecode.c.h; path = SoundUtil.h; sourceTree = "<group>"; };
		06579A0D14A249B000474588 /* SoundUtil.m */ = {isa = PBXFileReference; fileEncoding = 4; lastKnownFileType = sourcecode.c.objc; path = SoundUtil.m; sourceTree = "<group>"; };
		06579A1814A25E5E00474588 /* ConcentrationViewController.xib */ = {isa = PBXFileReference; fileEncoding = 4; lastKnownFileType = file.xib; path = ConcentrationViewController.xib; sourceTree = "<group>"; };
		06579A1C14A26F9E00474588 /* ScoreBoard.h */ = {isa = PBXFileReference; fileEncoding = 4; lastKnownFileType = sourcecode.c.h; path = ScoreBoard.h; sourceTree = "<group>"; };
		06579A1D14A26F9E00474588 /* ScoreBoard.m */ = {isa = PBXFileReference; fileEncoding = 4; lastKnownFileType = sourcecode.c.objc; path = ScoreBoard.m; sourceTree = "<group>"; };
		750264E214A4DA2400204A2C /* win-sound.wav */ = {isa = PBXFileReference; lastKnownFileType = audio.wav; path = "win-sound.wav"; sourceTree = "<group>"; };
		750264EA14A4F7DD00204A2C /* ScoreOverlayViewController.xib */ = {isa = PBXFileReference; fileEncoding = 4; lastKnownFileType = file.xib; path = ScoreOverlayViewController.xib; sourceTree = "<group>"; };
		750264EE14A4F8D200204A2C /* Score.h */ = {isa = PBXFileReference; fileEncoding = 4; lastKnownFileType = sourcecode.c.h; path = Score.h; sourceTree = "<group>"; };
		750264EF14A4F8D200204A2C /* Score.m */ = {isa = PBXFileReference; fileEncoding = 4; lastKnownFileType = sourcecode.c.objc; path = Score.m; sourceTree = "<group>"; };
		750264F414A4FBDF00204A2C /* ScoreOverlayViewController.h */ = {isa = PBXFileReference; fileEncoding = 4; lastKnownFileType = sourcecode.c.h; path = ScoreOverlayViewController.h; sourceTree = "<group>"; };
		750264F514A4FBDF00204A2C /* ScoreOverlayViewController.m */ = {isa = PBXFileReference; fileEncoding = 4; lastKnownFileType = sourcecode.c.objc; path = ScoreOverlayViewController.m; sourceTree = "<group>"; };
		754E559014A15F82003E8E6F /* concentration.app */ = {isa = PBXFileReference; explicitFileType = wrapper.application; includeInIndex = 0; path = concentration.app; sourceTree = BUILT_PRODUCTS_DIR; };
		754E559414A15F82003E8E6F /* UIKit.framework */ = {isa = PBXFileReference; lastKnownFileType = wrapper.framework; name = UIKit.framework; path = System/Library/Frameworks/UIKit.framework; sourceTree = SDKROOT; };
		754E559614A15F82003E8E6F /* Foundation.framework */ = {isa = PBXFileReference; lastKnownFileType = wrapper.framework; name = Foundation.framework; path = System/Library/Frameworks/Foundation.framework; sourceTree = SDKROOT; };
		754E559814A15F82003E8E6F /* CoreGraphics.framework */ = {isa = PBXFileReference; lastKnownFileType = wrapper.framework; name = CoreGraphics.framework; path = System/Library/Frameworks/CoreGraphics.framework; sourceTree = SDKROOT; };
		754E559C14A15F82003E8E6F /* concentration-Info.plist */ = {isa = PBXFileReference; lastKnownFileType = text.plist.xml; path = "concentration-Info.plist"; sourceTree = "<group>"; };
		754E559E14A15F82003E8E6F /* en */ = {isa = PBXFileReference; lastKnownFileType = text.plist.strings; name = en; path = en.lproj/InfoPlist.strings; sourceTree = "<group>"; };
		754E55A014A15F82003E8E6F /* main.m */ = {isa = PBXFileReference; lastKnownFileType = sourcecode.c.objc; path = main.m; sourceTree = "<group>"; };
		754E55A214A15F82003E8E6F /* concentration-Prefix.pch */ = {isa = PBXFileReference; lastKnownFileType = sourcecode.c.h; path = "concentration-Prefix.pch"; sourceTree = "<group>"; };
		754E55A314A15F82003E8E6F /* SNMAppDelegate.h */ = {isa = PBXFileReference; lastKnownFileType = sourcecode.c.h; path = SNMAppDelegate.h; sourceTree = "<group>"; };
		754E55A414A15F82003E8E6F /* SNMAppDelegate.m */ = {isa = PBXFileReference; lastKnownFileType = sourcecode.c.objc; path = SNMAppDelegate.m; sourceTree = "<group>"; };
		754E55A614A15F82003E8E6F /* ConcentrationViewController.h */ = {isa = PBXFileReference; lastKnownFileType = sourcecode.c.h; path = ConcentrationViewController.h; sourceTree = "<group>"; };
		754E55A714A15F82003E8E6F /* ConcentrationViewController.m */ = {isa = PBXFileReference; lastKnownFileType = sourcecode.c.objc; path = ConcentrationViewController.m; sourceTree = "<group>"; };
		754E55B114A15F82003E8E6F /* concentrationTests.octest */ = {isa = PBXFileReference; explicitFileType = wrapper.cfbundle; includeInIndex = 0; path = concentrationTests.octest; sourceTree = BUILT_PRODUCTS_DIR; };
		754E55B214A15F82003E8E6F /* SenTestingKit.framework */ = {isa = PBXFileReference; lastKnownFileType = wrapper.framework; name = SenTestingKit.framework; path = Library/Frameworks/SenTestingKit.framework; sourceTree = DEVELOPER_DIR; };
		754E55BA14A15F82003E8E6F /* concentrationTests-Info.plist */ = {isa = PBXFileReference; lastKnownFileType = text.plist.xml; path = "concentrationTests-Info.plist"; sourceTree = "<group>"; };
		754E55BC14A15F82003E8E6F /* en */ = {isa = PBXFileReference; lastKnownFileType = text.plist.strings; name = en; path = en.lproj/InfoPlist.strings; sourceTree = "<group>"; };
		754E55BE14A15F83003E8E6F /* concentrationTests.h */ = {isa = PBXFileReference; lastKnownFileType = sourcecode.c.h; path = concentrationTests.h; sourceTree = "<group>"; };
		754E55BF14A15F83003E8E6F /* concentrationTests.m */ = {isa = PBXFileReference; lastKnownFileType = sourcecode.c.objc; path = concentrationTests.m; sourceTree = "<group>"; };
		754E55CA14A16106003E8E6F /* Board.h */ = {isa = PBXFileReference; fileEncoding = 4; lastKnownFileType = sourcecode.c.h; path = Board.h; sourceTree = "<group>"; };
		754E55CB14A16106003E8E6F /* Board.m */ = {isa = PBXFileReference; fileEncoding = 4; lastKnownFileType = sourcecode.c.objc; path = Board.m; sourceTree = "<group>"; };
		754E55CD14A16319003E8E6F /* QuartzCore.framework */ = {isa = PBXFileReference; lastKnownFileType = wrapper.framework; name = QuartzCore.framework; path = System/Library/Frameworks/QuartzCore.framework; sourceTree = SDKROOT; };
		754E55D414A16888003E8E6F /* NSMutableArray+Shuffling.h */ = {isa = PBXFileReference; fileEncoding = 4; lastKnownFileType = sourcecode.c.h; path = "NSMutableArray+Shuffling.h"; sourceTree = "<group>"; };
		754E55D514A16888003E8E6F /* NSMutableArray+Shuffling.m */ = {isa = PBXFileReference; fileEncoding = 4; lastKnownFileType = sourcecode.c.objc; path = "NSMutableArray+Shuffling.m"; sourceTree = "<group>"; };
/* End PBXFileReference section */

/* Begin PBXFrameworksBuildPhase section */
		754E558D14A15F82003E8E6F /* Frameworks */ = {
			isa = PBXFrameworksBuildPhase;
			buildActionMask = 2147483647;
			files = (
				06579A0314A23B4C00474588 /* AudioToolbox.framework in Frameworks */,
				754E55CE14A16319003E8E6F /* QuartzCore.framework in Frameworks */,
				754E559514A15F82003E8E6F /* UIKit.framework in Frameworks */,
				754E559714A15F82003E8E6F /* Foundation.framework in Frameworks */,
				754E559914A15F82003E8E6F /* CoreGraphics.framework in Frameworks */,
			);
			runOnlyForDeploymentPostprocessing = 0;
		};
		754E55AD14A15F82003E8E6F /* Frameworks */ = {
			isa = PBXFrameworksBuildPhase;
			buildActionMask = 2147483647;
			files = (
				754E55B314A15F82003E8E6F /* SenTestingKit.framework in Frameworks */,
				754E55B414A15F82003E8E6F /* UIKit.framework in Frameworks */,
				754E55B514A15F82003E8E6F /* Foundation.framework in Frameworks */,
			);
			runOnlyForDeploymentPostprocessing = 0;
		};
/* End PBXFrameworksBuildPhase section */

/* Begin PBXGroup section */
		065799FC14A22FE900474588 /* UIViews */ = {
			isa = PBXGroup;
			children = (
				754E55CA14A16106003E8E6F /* Board.h */,
				754E55CB14A16106003E8E6F /* Board.m */,
				06579A1C14A26F9E00474588 /* ScoreBoard.h */,
				06579A1D14A26F9E00474588 /* ScoreBoard.m */,
			);
			name = UIViews;
			sourceTree = "<group>";
		};
		065799FD14A2394D00474588 /* Resources */ = {
			isa = PBXGroup;
			children = (
				06579A0F14A25DE800474588 /* Sounds */,
				06579A1214A25E1300474588 /* NIBs */,
			);
			name = Resources;
			sourceTree = "<group>";
		};
		06579A0414A23CD800474588 /* CALayers */ = {
			isa = PBXGroup;
			children = (
				065799F914A22FE400474588 /* Card.h */,
				065799FA14A22FE400474588 /* Card.m */,
			);
			name = CALayers;
			sourceTree = "<group>";
		};
		06579A0514A23CE900474588 /* Controllers */ = {
			isa = PBXGroup;
			children = (
				754E55A614A15F82003E8E6F /* ConcentrationViewController.h */,
				754E55A714A15F82003E8E6F /* ConcentrationViewController.m */,
				750264F414A4FBDF00204A2C /* ScoreOverlayViewController.h */,
				750264F514A4FBDF00204A2C /* ScoreOverlayViewController.m */,
			);
			name = Controllers;
			sourceTree = "<group>";
		};
		06579A0614A23CF100474588 /* AppDelegate */ = {
			isa = PBXGroup;
			children = (
				754E55A314A15F82003E8E6F /* SNMAppDelegate.h */,
				754E55A414A15F82003E8E6F /* SNMAppDelegate.m */,
			);
			name = AppDelegate;
			sourceTree = "<group>";
		};
		06579A0B14A249A300474588 /* Utils */ = {
			isa = PBXGroup;
			children = (
				06579A0C14A249B000474588 /* SoundUtil.h */,
				06579A0D14A249B000474588 /* SoundUtil.m */,
			);
			name = Utils;
			sourceTree = "<group>";
		};
		06579A0F14A25DE800474588 /* Sounds */ = {
			isa = PBXGroup;
			children = (
				750264E214A4DA2400204A2C /* win-sound.wav */,
				06579A0914A2472400474588 /* match.wav */,
				065799FE14A2395D00474588 /* page-flip-2.wav */,
			);
			name = Sounds;
			sourceTree = "<group>";
		};
		06579A1214A25E1300474588 /* NIBs */ = {
			isa = PBXGroup;
			children = (
				750264EA14A4F7DD00204A2C /* ScoreOverlayViewController.xib */,
				06579A1814A25E5E00474588 /* ConcentrationViewController.xib */,
			);
			name = NIBs;
			sourceTree = "<group>";
		};
		750264ED14A4F8B800204A2C /* Model */ = {
			isa = PBXGroup;
			children = (
				750264EE14A4F8D200204A2C /* Score.h */,
				750264EF14A4F8D200204A2C /* Score.m */,
			);
			name = Model;
			sourceTree = "<group>";
		};
		754E558514A15F82003E8E6F = {
			isa = PBXGroup;
			children = (
				754E559A14A15F82003E8E6F /* concentration */,
				754E55B814A15F82003E8E6F /* concentrationTests */,
				754E559314A15F82003E8E6F /* Frameworks */,
				754E559114A15F82003E8E6F /* Products */,
			);
			sourceTree = "<group>";
		};
		754E559114A15F82003E8E6F /* Products */ = {
			isa = PBXGroup;
			children = (
				754E559014A15F82003E8E6F /* concentration.app */,
				754E55B114A15F82003E8E6F /* concentrationTests.octest */,
			);
			name = Products;
			sourceTree = "<group>";
		};
		754E559314A15F82003E8E6F /* Frameworks */ = {
			isa = PBXGroup;
			children = (
				06579A0214A23B4C00474588 /* AudioToolbox.framework */,
				754E55CD14A16319003E8E6F /* QuartzCore.framework */,
				754E559414A15F82003E8E6F /* UIKit.framework */,
				754E559614A15F82003E8E6F /* Foundation.framework */,
				754E559814A15F82003E8E6F /* CoreGraphics.framework */,
				754E55B214A15F82003E8E6F /* SenTestingKit.framework */,
			);
			name = Frameworks;
			sourceTree = "<group>";
		};
		754E559A14A15F82003E8E6F /* concentration */ = {
			isa = PBXGroup;
			children = (
				750264ED14A4F8B800204A2C /* Model */,
				06579A0B14A249A300474588 /* Utils */,
				065799FD14A2394D00474588 /* Resources */,
				754E55D314A16876003E8E6F /* Categories */,
				06579A0614A23CF100474588 /* AppDelegate */,
				06579A0514A23CE900474588 /* Controllers */,
				06579A0414A23CD800474588 /* CALayers */,
				065799FC14A22FE900474588 /* UIViews */,
				754E559B14A15F82003E8E6F /* Supporting Files */,
			);
			path = concentration;
			sourceTree = "<group>";
		};
		754E559B14A15F82003E8E6F /* Supporting Files */ = {
			isa = PBXGroup;
			children = (
				754E559C14A15F82003E8E6F /* concentration-Info.plist */,
				754E559D14A15F82003E8E6F /* InfoPlist.strings */,
				754E55A014A15F82003E8E6F /* main.m */,
				754E55A214A15F82003E8E6F /* concentration-Prefix.pch */,
			);
			name = "Supporting Files";
			sourceTree = "<group>";
		};
		754E55B814A15F82003E8E6F /* concentrationTests */ = {
			isa = PBXGroup;
			children = (
				754E55BE14A15F83003E8E6F /* concentrationTests.h */,
				754E55BF14A15F83003E8E6F /* concentrationTests.m */,
				754E55B914A15F82003E8E6F /* Supporting Files */,
			);
			path = concentrationTests;
			sourceTree = "<group>";
		};
		754E55B914A15F82003E8E6F /* Supporting Files */ = {
			isa = PBXGroup;
			children = (
				754E55BA14A15F82003E8E6F /* concentrationTests-Info.plist */,
				754E55BB14A15F82003E8E6F /* InfoPlist.strings */,
			);
			name = "Supporting Files";
			sourceTree = "<group>";
		};
		754E55D314A16876003E8E6F /* Categories */ = {
			isa = PBXGroup;
			children = (
				754E55D414A16888003E8E6F /* NSMutableArray+Shuffling.h */,
				754E55D514A16888003E8E6F /* NSMutableArray+Shuffling.m */,
			);
			name = Categories;
			sourceTree = "<group>";
		};
/* End PBXGroup section */

/* Begin PBXNativeTarget section */
		754E558F14A15F82003E8E6F /* concentration */ = {
			isa = PBXNativeTarget;
			buildConfigurationList = 754E55C314A15F83003E8E6F /* Build configuration list for PBXNativeTarget "concentration" */;
			buildPhases = (
				754E558C14A15F82003E8E6F /* Sources */,
				754E558D14A15F82003E8E6F /* Frameworks */,
				754E558E14A15F82003E8E6F /* Resources */,
			);
			buildRules = (
			);
			dependencies = (
			);
			name = concentration;
			productName = concentration;
			productReference = 754E559014A15F82003E8E6F /* concentration.app */;
			productType = "com.apple.product-type.application";
		};
		754E55B014A15F82003E8E6F /* concentrationTests */ = {
			isa = PBXNativeTarget;
			buildConfigurationList = 754E55C614A15F83003E8E6F /* Build configuration list for PBXNativeTarget "concentrationTests" */;
			buildPhases = (
				754E55AC14A15F82003E8E6F /* Sources */,
				754E55AD14A15F82003E8E6F /* Frameworks */,
				754E55AE14A15F82003E8E6F /* Resources */,
				754E55AF14A15F82003E8E6F /* ShellScript */,
			);
			buildRules = (
			);
			dependencies = (
				754E55B714A15F82003E8E6F /* PBXTargetDependency */,
			);
			name = concentrationTests;
			productName = concentrationTests;
			productReference = 754E55B114A15F82003E8E6F /* concentrationTests.octest */;
			productType = "com.apple.product-type.bundle";
		};
/* End PBXNativeTarget section */

/* Begin PBXProject section */
		754E558714A15F82003E8E6F /* Project object */ = {
			isa = PBXProject;
			attributes = {
				LastUpgradeCheck = 0420;
				ORGANIZATIONNAME = "Sanders New Media";
			};
			buildConfigurationList = 754E558A14A15F82003E8E6F /* Build configuration list for PBXProject "concentration" */;
			compatibilityVersion = "Xcode 3.2";
			developmentRegion = English;
			hasScannedForEncodings = 0;
			knownRegions = (
				en,
			);
			mainGroup = 754E558514A15F82003E8E6F;
			productRefGroup = 754E559114A15F82003E8E6F /* Products */;
			projectDirPath = "";
			projectRoot = "";
			targets = (
				754E558F14A15F82003E8E6F /* concentration */,
				754E55B014A15F82003E8E6F /* concentrationTests */,
			);
		};
/* End PBXProject section */

/* Begin PBXResourcesBuildPhase section */
		754E558E14A15F82003E8E6F /* Resources */ = {
			isa = PBXResourcesBuildPhase;
			buildActionMask = 2147483647;
			files = (
				754E559F14A15F82003E8E6F /* InfoPlist.strings in Resources */,
				065799FF14A2395D00474588 /* page-flip-2.wav in Resources */,
				06579A0A14A2472400474588 /* match.wav in Resources */,
				06579A1914A25E5E00474588 /* ConcentrationViewController.xib in Resources */,
				750264E314A4DA2400204A2C /* win-sound.wav in Resources */,
				750264EC14A4F7DD00204A2C /* ScoreOverlayViewController.xib in Resources */,
			);
			runOnlyForDeploymentPostprocessing = 0;
		};
		754E55AE14A15F82003E8E6F /* Resources */ = {
			isa = PBXResourcesBuildPhase;
			buildActionMask = 2147483647;
			files = (
				754E55BD14A15F82003E8E6F /* InfoPlist.strings in Resources */,
			);
			runOnlyForDeploymentPostprocessing = 0;
		};
/* End PBXResourcesBuildPhase section */

/* Begin PBXShellScriptBuildPhase section */
		754E55AF14A15F82003E8E6F /* ShellScript */ = {
			isa = PBXShellScriptBuildPhase;
			buildActionMask = 2147483647;
			files = (
			);
			inputPaths = (
			);
			outputPaths = (
			);
			runOnlyForDeploymentPostprocessing = 0;
			shellPath = /bin/sh;
			shellScript = "# Run the unit tests in this test bundle.\n\"${SYSTEM_DEVELOPER_DIR}/Tools/RunUnitTests\"\n";
		};
/* End PBXShellScriptBuildPhase section */

/* Begin PBXSourcesBuildPhase section */
		754E558C14A15F82003E8E6F /* Sources */ = {
			isa = PBXSourcesBuildPhase;
			buildActionMask = 2147483647;
			files = (
				754E55A114A15F82003E8E6F /* main.m in Sources */,
				754E55A514A15F82003E8E6F /* SNMAppDelegate.m in Sources */,
				754E55A814A15F82003E8E6F /* ConcentrationViewController.m in Sources */,
				754E55CC14A16106003E8E6F /* Board.m in Sources */,
				754E55D614A16888003E8E6F /* NSMutableArray+Shuffling.m in Sources */,
				065799FB14A22FE400474588 /* Card.m in Sources */,
				06579A0E14A249B000474588 /* SoundUtil.m in Sources */,
				06579A1E14A26F9E00474588 /* ScoreBoard.m in Sources */,
				750264F014A4F8D200204A2C /* Score.m in Sources */,
				750264F614A4FBDF00204A2C /* ScoreOverlayViewController.m in Sources */,
			);
			runOnlyForDeploymentPostprocessing = 0;
		};
		754E55AC14A15F82003E8E6F /* Sources */ = {
			isa = PBXSourcesBuildPhase;
			buildActionMask = 2147483647;
			files = (
				754E55C014A15F83003E8E6F /* concentrationTests.m in Sources */,
			);
			runOnlyForDeploymentPostprocessing = 0;
		};
/* End PBXSourcesBuildPhase section */

/* Begin PBXTargetDependency section */
		754E55B714A15F82003E8E6F /* PBXTargetDependency */ = {
			isa = PBXTargetDependency;
			target = 754E558F14A15F82003E8E6F /* concentration */;
			targetProxy = 754E55B614A15F82003E8E6F /* PBXContainerItemProxy */;
		};
/* End PBXTargetDependency section */

/* Begin PBXVariantGroup section */
		754E559D14A15F82003E8E6F /* InfoPlist.strings */ = {
			isa = PBXVariantGroup;
			children = (
				754E559E14A15F82003E8E6F /* en */,
			);
			name = InfoPlist.strings;
			sourceTree = "<group>";
		};
		754E55BB14A15F82003E8E6F /* InfoPlist.strings */ = {
			isa = PBXVariantGroup;
			children = (
				754E55BC14A15F82003E8E6F /* en */,
			);
			name = InfoPlist.strings;
			sourceTree = "<group>";
		};
/* End PBXVariantGroup section */

/* Begin XCBuildConfiguration section */
		754E55C114A15F83003E8E6F /* Debug */ = {
			isa = XCBuildConfiguration;
			buildSettings = {
				ALWAYS_SEARCH_USER_PATHS = NO;
				ARCHS = "$(ARCHS_STANDARD_32_BIT)";
				"CODE_SIGN_IDENTITY[sdk=iphoneos*]" = "iPhone Developer";
				COPY_PHASE_STRIP = NO;
				GCC_C_LANGUAGE_STANDARD = gnu99;
				GCC_DYNAMIC_NO_PIC = NO;
				GCC_OPTIMIZATION_LEVEL = 0;
				GCC_PREPROCESSOR_DEFINITIONS = (
					"DEBUG=1",
					"$(inherited)",
				);
				GCC_SYMBOLS_PRIVATE_EXTERN = NO;
				GCC_VERSION = com.apple.compilers.llvm.clang.1_0;
				GCC_WARN_ABOUT_MISSING_PROTOTYPES = YES;
				GCC_WARN_ABOUT_RETURN_TYPE = YES;
				GCC_WARN_UNUSED_VARIABLE = YES;
				IPHONEOS_DEPLOYMENT_TARGET = 5.0;
				SDKROOT = iphoneos;
				TARGETED_DEVICE_FAMILY = 2;
			};
			name = Debug;
		};
		754E55C214A15F83003E8E6F /* Release */ = {
			isa = XCBuildConfiguration;
			buildSettings = {
				ALWAYS_SEARCH_USER_PATHS = NO;
				ARCHS = "$(ARCHS_STANDARD_32_BIT)";
				"CODE_SIGN_IDENTITY[sdk=iphoneos*]" = "iPhone Developer";
				COPY_PHASE_STRIP = YES;
				GCC_C_LANGUAGE_STANDARD = gnu99;
				GCC_VERSION = com.apple.compilers.llvm.clang.1_0;
				GCC_WARN_ABOUT_MISSING_PROTOTYPES = YES;
				GCC_WARN_ABOUT_RETURN_TYPE = YES;
				GCC_WARN_UNUSED_VARIABLE = YES;
				IPHONEOS_DEPLOYMENT_TARGET = 5.0;
				OTHER_CFLAGS = "-DNS_BLOCK_ASSERTIONS=1";
				SDKROOT = iphoneos;
				TARGETED_DEVICE_FAMILY = 2;
				VALIDATE_PRODUCT = YES;
			};
			name = Release;
		};
		754E55C414A15F83003E8E6F /* Debug */ = {
			isa = XCBuildConfiguration;
			buildSettings = {
				GCC_PRECOMPILE_PREFIX_HEADER = YES;
				GCC_PREFIX_HEADER = "concentration/concentration-Prefix.pch";
				INFOPLIST_FILE = "concentration/concentration-Info.plist";
				PRODUCT_NAME = "$(TARGET_NAME)";
				WRAPPER_EXTENSION = app;
			};
			name = Debug;
		};
		754E55C514A15F83003E8E6F /* Release */ = {
			isa = XCBuildConfiguration;
			buildSettings = {
				GCC_PRECOMPILE_PREFIX_HEADER = YES;
				GCC_PREFIX_HEADER = "concentration/concentration-Prefix.pch";
				INFOPLIST_FILE = "concentration/concentration-Info.plist";
				PRODUCT_NAME = "$(TARGET_NAME)";
				WRAPPER_EXTENSION = app;
			};
			name = Release;
		};
		754E55C714A15F83003E8E6F /* Debug */ = {
			isa = XCBuildConfiguration;
			buildSettings = {
				BUNDLE_LOADER = "$(BUILT_PRODUCTS_DIR)/concentration.app/concentration";
				FRAMEWORK_SEARCH_PATHS = (
					"$(SDKROOT)/Developer/Library/Frameworks",
					"$(DEVELOPER_LIBRARY_DIR)/Frameworks",
				);
				GCC_PRECOMPILE_PREFIX_HEADER = YES;
				GCC_PREFIX_HEADER = "concentration/concentration-Prefix.pch";
				INFOPLIST_FILE = "concentrationTests/concentrationTests-Info.plist";
				PRODUCT_NAME = "$(TARGET_NAME)";
				TEST_HOST = "$(BUNDLE_LOADER)";
				WRAPPER_EXTENSION = octest;
			};
			name = Debug;
		};
		754E55C814A15F83003E8E6F /* Release */ = {
			isa = XCBuildConfiguration;
			buildSettings = {
				BUNDLE_LOADER = "$(BUILT_PRODUCTS_DIR)/concentration.app/concentration";
				FRAMEWORK_SEARCH_PATHS = (
					"$(SDKROOT)/Developer/Library/Frameworks",
					"$(DEVELOPER_LIBRARY_DIR)/Frameworks",
				);
				GCC_PRECOMPILE_PREFIX_HEADER = YES;
				GCC_PREFIX_HEADER = "concentration/concentration-Prefix.pch";
				INFOPLIST_FILE = "concentrationTests/concentrationTests-Info.plist";
				PRODUCT_NAME = "$(TARGET_NAME)";
				TEST_HOST = "$(BUNDLE_LOADER)";
				WRAPPER_EXTENSION = octest;
			};
			name = Release;
		};
/* End XCBuildConfiguration section */

/* Begin XCConfigurationList section */
		754E558A14A15F82003E8E6F /* Build configuration list for PBXProject "concentration" */ = {
			isa = XCConfigurationList;
			buildConfigurations = (
				754E55C114A15F83003E8E6F /* Debug */,
				754E55C214A15F83003E8E6F /* Release */,
			);
			defaultConfigurationIsVisible = 0;
			defaultConfigurationName = Release;
		};
		754E55C314A15F83003E8E6F /* Build configuration list for PBXNativeTarget "concentration" */ = {
			isa = XCConfigurationList;
			buildConfigurations = (
				754E55C414A15F83003E8E6F /* Debug */,
				754E55C514A15F83003E8E6F /* Release */,
			);
			defaultConfigurationIsVisible = 0;
			defaultConfigurationName = Release;
		};
		754E55C614A15F83003E8E6F /* Build configuration list for PBXNativeTarget "concentrationTests" */ = {
			isa = XCConfigurationList;
			buildConfigurations = (
				754E55C714A15F83003E8E6F /* Debug */,
				754E55C814A15F83003E8E6F /* Release */,
			);
			defaultConfigurationIsVisible = 0;
			defaultConfigurationName = Release;
		};
/* End XCConfigurationList section */
	};
	rootObject = 754E558714A15F82003E8E6F /* Project object */;
}
